
Microsoft Visual Studio Solution File, Format Version 12.00
# Visual Studio Version 16
VisualStudioVersion = 16.0.31624.102
MinimumVisualStudioVersion = 10.0.40219.1
Project("{FAE04EC0-301F-11D3-BF4B-00C04F79EFBC}") = "TestProjectGroupI", "TestProjectGroupI\TestProjectGroupI.csproj", "{CBF92276-AD1C-4384-8A22-CBF4CB961D22}"
EndProject
Global
	GlobalSection(SolutionConfigurationPlatforms) = preSolution
		Debug|Any CPU = Debug|Any CPU
		Release|Any CPU = Release|Any CPU
	EndGlobalSection
	GlobalSection(ProjectConfigurationPlatforms) = postSolution
		{CBF92276-AD1C-4384-8A22-CBF4CB961D22}.Debug|Any CPU.ActiveCfg = Debug|Any CPU
		{CBF92276-AD1C-4384-8A22-CBF4CB961D22}.Debug|Any CPU.Build.0 = Debug|Any CPU
		{CBF92276-AD1C-4384-8A22-CBF4CB961D22}.Release|Any CPU.ActiveCfg = Release|Any CPU
		{CBF92276-AD1C-4384-8A22-CBF4CB961D22}.Release|Any CPU.Build.0 = Release|Any CPU
	EndGlobalSection
	GlobalSection(SolutionProperties) = preSolution
		HideSolutionNode = FALSE
	EndGlobalSection
	GlobalSection(ExtensibilityGlobals) = postSolution
		SolutionGuid = {D46E5C34-EEA6-4E48-B264-401892C76DCB}
	EndGlobalSection
EndGlobal
